<?xml version="1.0" encoding="utf-8"?>
<Project ToolsVersion="4.0" xmlns="http://schemas.microsoft.com/developer/msbuild/2003">
  <ItemGroup>
    <ClCompile Include="Source\inputDispatcher\InputDispatcher.cpp" />
    <ClCompile Include="Source\materialObjects\Crosshair.cpp" />
    <ClCompile Include="Source\glassController\GlassController.cpp" />
    <ClCompile Include="Source\materialObjects\GlassObject.cpp" />
    <ClCompile Include="Source\materialObjects\PyramidPointerMaterialObject.cpp" />
    <ClCompile Include="Source\materialObjects\AxesObject.cpp" />
    <ClCompile Include="Source\materialObjects\FluidObject.cpp" />
    <ClCompile Include="Source\materialObjects\MaterialObject.cpp" />
    <ClCompile Include="Source\materialObjects\NormalVectorsObject.cpp" />
    <ClCompile Include="Source\materialObjects\TestBilboardObject.cpp" />
    <ClCompile Include="Source\materialObjects\TestMaterialObject.cpp" />
    <ClCompile Include="Source\dataStructures\FluidType.cpp" />
    <ClCompile Include="Source\particleObjects\MugParticleObject.cpp" />
    <ClCompile Include="Source\scene\camera\Camera.cpp" />
    <ClCompile Include="Source\scene\camera\SimpleCameraController.cpp" />
    <ClCompile Include="Source\scene\camera\VRCamera.cpp" />
    <ClCompile Include="Source\scene\camera\VRCameraController.cpp" />
    <ClCompile Include="Source\scene\Scene.cpp" />
    <ClCompile Include="Source\ThreadSynchronizer.cpp" />
    <ClCompile Include="Source\window\ViewPort.cpp" />
    <ClCompile Include="Source\window\Window.cpp" />
    <ClCompile Include="Source\shaders\ShaderCodeEditor.cpp" />
    <ClCompile Include="Source\particleObjects\ParticleGeometry.cpp" />
    <ClCompile Include="Source\particleObjects\ParticleObject.cpp" />
    <ClCompile Include="Source\particleObjects\ParticleObjectCreator.cpp" />
    <ClCompile Include="Source\particleObjects\ParticleObjectManager.cpp" />
    <ClCompile Include="Source\Simulation.cpp" />
    <ClCompile Include="Source\Logger.cpp" />
    <ClCompile Include="Source\dataStructures\GpuResources.cpp" />
    <ClCompile Include="Source\dataStructures\ParticleData.cpp" />
    <ClCompile Include="Source\Main.cpp" />
    <ClCompile Include="Source\shaders\ComputeShader.cpp" />
    <ClCompile Include="Source\ThreadManager.cpp" />
    <ClCompile Include="Source\utilities\Matrices.cpp" />
    <ClCompile Include="Source\utilities\shader\Shader.cpp" />
    <ClCompile Include="Source\utilities\shader\ShaderProgram.cpp" />
    <ClCompile Include="Source\Utils.cpp" />
    <ClCompile Include="Source\VR\VRCore.cpp" />
    <ClCompile Include="Source\VR\VRGeometry.cpp" />
    <ClCompile Include="Source\VR\VRGLInterop.cpp" />
    <ClCompile Include="Source\VR\VRInput.cpp" />
    <ClCompile Include="stb_image.cpp" />
    <ClCompile Include="Source\window\WindowTitle.cpp" />
    <ClCompile Include="Source\materialObjects\MoveIndicatorObject.cpp" />
    <ClCompile Include="Source\selectableObject\SelectableObjectManager.cpp" />
    <ClCompile Include="Source\emiters\Emiter.cpp" />
    <ClCompile Include="Source\emiters\EmiterManager.cpp" />
    <ClCompile Include="Source\utilities\GraphicShaderStorage.cpp" />
    <ClCompile Include="Source\scene\camera\EmittingCameraController.cpp" />
    <ClCompile Include="Source\utilities\Texture.cpp" />
    <ClCompile Include="Source\digitalHand\DigitalHand.cpp" />
    <ClCompile Include="Source\digitalHand\DataProvider.cpp" />
  </ItemGroup>
  <ItemGroup>
    <ClInclude Include="Source\inputDispatcher\InputDispatcher.h" />
    <ClInclude Include="Source\inputDispatcher\KeyState.h" />
    <ClInclude Include="Source\inputDispatcher\listener\KeyInputListener.h" />
    <ClInclude Include="Source\inputDispatcher\listener\MousePositionListener.h" />
    <ClInclude Include="Source\inputDispatcher\listener\MouseScrollListener.h" />
    <ClInclude Include="Source\materialObjects\Crosshair.h" />
    <ClInclude Include="Source\glassController\GlassController.h" />
    <ClInclude Include="Source\materialObjects\GlassObject.h" />
    <ClInclude Include="Source\materialObjects\AxesObject.h" />
    <ClInclude Include="Source\materialObjects\FluidObject.h" />
    <ClInclude Include="Source\materialObjects\MaterialObject.h" />
    <ClInclude Include="Source\materialObjects\NormalVectorsObject.h" />
    <ClInclude Include="Source\materialObjects\PyramidPointerMaterialObject.h" />
    <ClInclude Include="Source\materialObjects\TestBilboardObject.h" />
    <ClInclude Include="Source\materialObjects\TestMaterialObject.h" />
    <ClInclude Include="Source\dataStructures\FluidType.h" />
    <ClInclude Include="Source\particleObjects\MugParticleObject.h" />
    <ClInclude Include="Source\particleObjects\ParticleObjectCreator.h" />
    <ClInclude Include="Source\particleObjects\ParticleObjectManager.h" />
    <ClInclude Include="Source\scene\camera\Camera.h" />
    <ClInclude Include="Source\scene\camera\CameraController.h" />
    <ClInclude Include="Source\scene\camera\SimpleCameraController.h" />
    <ClInclude Include="Source\scene\camera\VRCamera.h" />
    <ClInclude Include="Source\scene\camera\VRCameraController.h" />
    <ClInclude Include="Source\scene\Scene.h" />
    <ClInclude Include="Source\ThreadSynchronizer.h" />
    <ClInclude Include="Source\window\ViewPort.h" />
    <ClInclude Include="Source\window\Window.h" />
    <ClInclude Include="Source\window\listener\WindowSizeListener.h" />
    <ClInclude Include="Source\shaders\ShaderCodeEditor.h" />
    <ClInclude Include="Source\particleObjects\ParticleGeometry.h" />
    <ClInclude Include="Source\particleObjects\ParticleObject.h" />
    <ClInclude Include="Source\Simulation.h" />
    <ClInclude Include="Source\Logger.h" />
    <ClInclude Include="Source\dataStructures\GpuResources.h" />
    <ClInclude Include="Source\dataStructures\ParticleData.h" />
    <ClInclude Include="Source\Configuration.h" />
    <ClInclude Include="Source\shaders\ComputeShader.h" />
    <ClInclude Include="Source\ThreadManager.h" />
    <ClInclude Include="Source\utilities\Matrices.h" />
    <ClInclude Include="Source\utilities\shader\Shader.h" />
    <ClInclude Include="Source\utilities\shader\ShaderProgram.h" />
    <ClInclude Include="Source\utilities\Vectors.h" />
    <ClInclude Include="Source\Utils.h" />
    <ClInclude Include="Source\VR\InputConfig.h" />
    <ClInclude Include="Source\VR\VRCore.h" />
    <ClInclude Include="Source\VR\VRGeometry.h" />
    <ClInclude Include="Source\VR\VRGLInterop.h" />
    <ClInclude Include="Source\VR\VRInput.h" />
    <ClInclude Include="Source\window\WindowTitle.h" />
    <ClInclude Include="Source\simulationObjects\EmiterMatrixProvider.h" />
    <ClInclude Include="Source\materialObjects\MoveIndicatorObject.h" />
    <ClInclude Include="Source\selectableObject\SelectableObject.h" />
    <ClInclude Include="Source\selectableObject\SelectableObjectManager.h" />
    <ClInclude Include="Source\emiters\Emiter.h" />
    <ClInclude Include="Source\emiters\EmiterManager.h" />
    <ClInclude Include="Source\emiters\EmiterProvider.h" />
    <ClInclude Include="Source\utilities\GraphicShaderStorage.h" />
    <ClInclude Include="Source\scene\camera\EmittingCameraController.h" />
    <ClInclude Include="Source\utilities\Texture.h" />
    <ClInclude Include="Source\digitalHand\DigitalHand.h" />
    <ClInclude Include="Source\digitalHand\DataProvider.h" />
  </ItemGroup>
  <ItemGroup>
    <None Include="Source\shaders\glass\glass.frag" />
    <None Include="Source\shaders\glass\glass.vert" />
    <None Include="Source\shaders\normalVectors\normalVectors.frag" />
    <None Include="Source\shaders\normalVectors\normalVectors.geom" />
    <None Include="Source\shaders\normalVectors\normalVectors.vert" />
    <None Include="Source\shaders\moveIndicator\moveIndicator.frag" />
    <None Include="Source\shaders\moveIndicator\moveIndicator.vert" />
  </ItemGroup>
</Project>